# THIS IS AN AUTOGENERATED FILE. DO NOT EDIT THIS FILE DIRECTLY.
# yarn lockfile v1


"@react-spring/animated@~9.5.2":
  version "9.5.2"
  resolved "https://registry.yarnpkg.com/@react-spring/animated/-/animated-9.5.2.tgz#42785b4f369d9715e9ee32c04b78483e7bb85489"
  integrity sha512-oRlX+MmYLbK8IuUZR7SQUnRjXxJ4PMIZeBkBd1SUWVgVJAHMTfJzPltzm+I6p59qX+qLlklYHfnWaonQKDqLuQ==
  dependencies:
    "@react-spring/shared" "~9.5.2"
    "@react-spring/types" "~9.5.2"

"@react-spring/core@~9.5.2":
  version "9.5.2"
  resolved "https://registry.yarnpkg.com/@react-spring/core/-/core-9.5.2.tgz#c8450783ce87a82d3f9ab21e2650e42922398ff7"
  integrity sha512-UMRtFH6EfebMp/NMDGCUY5+hZFXsg9iT9hzt/iPzJSz2WMXKBjLoFZHJXcmiVOrIhzHmg1O0pFECn1Wp6pZ5Gw==
  dependencies:
    "@react-spring/animated" "~9.5.2"
    "@react-spring/rafz" "~9.5.2"
    "@react-spring/shared" "~9.5.2"
    "@react-spring/types" "~9.5.2"

"@react-spring/rafz@~9.5.2":
  version "9.5.2"
  resolved "https://registry.yarnpkg.com/@react-spring/rafz/-/rafz-9.5.2.tgz#1264d5df09717cf46d55055da2c55ff84f59073f"
  integrity sha512-xHSRXKKBI/wDUkZGrspkOm4VlgN6lZi8Tw9Jzibp9QKf3neoof+U2mDNgklvnLaasymtUwAq9o4ZfFvQIVNgPQ==

"@react-spring/shared@~9.5.2":
  version "9.5.2"
  resolved "https://registry.yarnpkg.com/@react-spring/shared/-/shared-9.5.2.tgz#e0a252e06daa3927964460fef05d8092e7d78ffc"
  integrity sha512-/OSf2sjwY4BUnjZL6xMC+H3WxOOhMUCk+yZwgdj40XuyUpk6E6tYyiPeD9Yq5GLsZHodkvE1syVMRVReL4ndAg==
  dependencies:
    "@react-spring/rafz" "~9.5.2"
    "@react-spring/types" "~9.5.2"

"@react-spring/types@~9.5.2":
  version "9.5.2"
  resolved "https://registry.yarnpkg.com/@react-spring/types/-/types-9.5.2.tgz#cce1b03afbafb23edfb9cd8c517cc7462abffb65"
  integrity sha512-n/wBRSHPqTmEd4BFWY6TeR1o/UY+3ujoqMxLjqy90CcY/ozJzDRuREL3c+pxMeTF2+B7dX33dTPCtFMX51nbxg==

"@react-spring/web@^9.5.2":
  version "9.5.2"
  resolved "https://registry.yarnpkg.com/@react-spring/web/-/web-9.5.2.tgz#762ee6b3c8fea40281e1298f5cf1c0515ad6a794"
  integrity sha512-cusTjbOGTgtbsnpBDjb6Ia+B0lQLE0Fk5rGDog6Sww7hWnLIQ521PMiOBnAWtkntB9eXDUfj7L91nwJviEC0lw==
  dependencies:
    "@react-spring/animated" "~9.5.2"
    "@react-spring/core" "~9.5.2"
    "@react-spring/shared" "~9.5.2"
    "@react-spring/types" "~9.5.2"
